
Microsoft Visual Studio Solution File, Format Version 12.00
# Visual Studio Version 18
VisualStudioVersion = 18.8.12021.73
MinimumVisualStudioVersion = 10.0.40219.1
Project("{FAE04EC0-301F-11D3-BF4B-00C04F79EFBC}") = "TrimUrlApi", "TrimUrlApi\TrimUrlApi.csproj", "{C8CF2F6F-51EC-DA8D-AC22-59B1116E3C26}"
EndProject
Project("{FAE04EC0-301F-11D3-BF4B-00C04F79EFBC}") = "TrimUrlApi.IntegrationTests", "TrimUrlApi.IntegrationTests\TrimUrlApi.IntegrationTests.csproj", "{5EA2D43B-0BDB-4546-B09B-63513826A942}"
EndProject
Project("{FAE04EC0-301F-11D3-BF4B-00C04F79EFBC}") = "TrimUrlApi.UnitTests", "TrimUrlApi.UnitTests\TrimUrlApi.UnitTests.csproj", "{9B5E5293-65C7-868F-E777-8BA591098814}"
EndProject
Global
	GlobalSection(SolutionConfigurationPlatforms) = preSolution
		Debug|Any CPU = Debug|Any CPU
		Release|Any CPU = Release|Any CPU
	EndGlobalSection
	GlobalSection(ProjectConfigurationPlatforms) = postSolution
		{C8CF2F6F-51EC-DA8D-AC22-59B1116E3C26}.Debug|Any CPU.ActiveCfg = Debug|Any CPU
		{C8CF2F6F-51EC-DA8D-AC22-59B1116E3C26}.Debug|Any CPU.Build.0 = Debug|Any CPU
		{C8CF2F6F-51EC-DA8D-AC22-59B1116E3C26}.Release|Any CPU.ActiveCfg = Release|Any CPU
		{C8CF2F6F-51EC-DA8D-AC22-59B1116E3C26}.Release|Any CPU.Build.0 = Release|Any CPU
		{5EA2D43B-0BDB-4546-B09B-63513826A942}.Debug|Any CPU.ActiveCfg = Debug|Any CPU
		{5EA2D43B-0BDB-4546-B09B-63513826A942}.Debug|Any CPU.Build.0 = Debug|Any CPU
		{5EA2D43B-0BDB-4546-B09B-63513826A942}.Release|Any CPU.ActiveCfg = Release|Any CPU
		{5EA2D43B-0BDB-4546-B09B-63513826A942}.Release|Any CPU.Build.0 = Release|Any CPU
		{9B5E5293-65C7-868F-E777-8BA591098814}.Debug|Any CPU.ActiveCfg = Debug|Any CPU
		{9B5E5293-65C7-868F-E777-8BA591098814}.Debug|Any CPU.Build.0 = Debug|Any CPU
		{9B5E5293-65C7-868F-E777-8BA591098814}.Release|Any CPU.ActiveCfg = Release|Any CPU
		{9B5E5293-65C7-868F-E777-8BA591098814}.Release|Any CPU.Build.0 = Release|Any CPU
	EndGlobalSection
	GlobalSection(SolutionProperties) = preSolution
		HideSolutionNode = FALSE
	EndGlobalSection
	GlobalSection(ExtensibilityGlobals) = postSolution
		SolutionGuid = {EB4FAF4D-02A1-4B7A-879E-0163B72EDC18}
	EndGlobalSection
EndGlobal
