
Microsoft Visual Studio Solution File, Format Version 12.00
# Visual Studio Version 18
VisualStudioVersion = 18.8.12021.73
MinimumVisualStudioVersion = 10.0.40219.1
Project("{FAE04EC0-301F-11D3-BF4B-00C04F79EFBC}") = "TrimUrlApi", "TrimUrlApi\TrimUrlApi.csproj", "{C8CF2F6F-51EC-DA8D-AC22-59B1116E3C26}"
EndProject
Project("{FAE04EC0-301F-11D3-BF4B-00C04F79EFBC}") = "TrimUrlApi.Tests", "TrimUrlApi.Tests\TrimUrlApi.Tests.csproj", "{E6822F36-CF73-1B8A-E16F-FD41D7BE4A9B}"
EndProject
Global
	GlobalSection(SolutionConfigurationPlatforms) = preSolution
		Debug|Any CPU = Debug|Any CPU
		Release|Any CPU = Release|Any CPU
	EndGlobalSection
	GlobalSection(ProjectConfigurationPlatforms) = postSolution
		{C8CF2F6F-51EC-DA8D-AC22-59B1116E3C26}.Debug|Any CPU.ActiveCfg = Debug|Any CPU
		{C8CF2F6F-51EC-DA8D-AC22-59B1116E3C26}.Debug|Any CPU.Build.0 = Debug|Any CPU
		{C8CF2F6F-51EC-DA8D-AC22-59B1116E3C26}.Release|Any CPU.ActiveCfg = Release|Any CPU
		{C8CF2F6F-51EC-DA8D-AC22-59B1116E3C26}.Release|Any CPU.Build.0 = Release|Any CPU
		{E6822F36-CF73-1B8A-E16F-FD41D7BE4A9B}.Debug|Any CPU.ActiveCfg = Debug|Any CPU
		{E6822F36-CF73-1B8A-E16F-FD41D7BE4A9B}.Debug|Any CPU.Build.0 = Debug|Any CPU
		{E6822F36-CF73-1B8A-E16F-FD41D7BE4A9B}.Release|Any CPU.ActiveCfg = Release|Any CPU
		{E6822F36-CF73-1B8A-E16F-FD41D7BE4A9B}.Release|Any CPU.Build.0 = Release|Any CPU
	EndGlobalSection
	GlobalSection(SolutionProperties) = preSolution
		HideSolutionNode = FALSE
	EndGlobalSection
EndGlobal
